
Microsoft Visual Studio Solution File, Format Version 12.00
# Visual Studio 15
VisualStudioVersion = 15.0.27130.2010
MinimumVisualStudioVersion = 10.0.40219.1
Project("{2150E333-8FDC-42A3-9474-1A3956D46DE8}") = "test", "test", "{4872006F-7652-494D-8E6B-14CE908B466D}"
EndProject
Project("{2150E333-8FDC-42A3-9474-1A3956D46DE8}") = "src", "src", "{EFEC7FCD-BCEF-4D76-913E-161BED47DB43}"
EndProject
Project("{2150E333-8FDC-42A3-9474-1A3956D46DE8}") = "notas", "notas", "{B6D494B9-C01F-4BDD-8BC9-46A4407550AA}"
	ProjectSection(SolutionItems) = preProject
		notas.txt = notas.txt
	EndProjectSection
EndProject
Project("{FAE04EC0-301F-11D3-BF4B-00C04F79EFBC}") = "AuctionSniper.UI", "AuctionSniper.UI\AuctionSniper.UI.csproj", "{653ED958-6067-47D3-803E-533952765E0B}"
EndProject
Project("{FAE04EC0-301F-11D3-BF4B-00C04F79EFBC}") = "AuctionSniper.Tests.Acceptance", "AuctionSniper.Tests.Acceptance\AuctionSniper.Tests.Acceptance.csproj", "{5AD817F2-621E-4D5E-9ECF-9C0B0EBB682C}"
EndProject
Project("{FAE04EC0-301F-11D3-BF4B-00C04F79EFBC}") = "AuctionSniper.Domain", "AuctionSniper.Domain\AuctionSniper.Domain.csproj", "{EE45DB34-6F3C-4962-9EC3-20C2EAFDFD72}"
EndProject
Project("{FAE04EC0-301F-11D3-BF4B-00C04F79EFBC}") = "AuctionSniper.Fakes.XmppServer", "AuctionSniper.Fakes.XmppServer\AuctionSniper.Fakes.XmppServer.csproj", "{3272B1FB-21A4-4FD3-B29A-CAE72217D903}"
EndProject
Project("{FAE04EC0-301F-11D3-BF4B-00C04F79EFBC}") = "AuctionSniper.Tests.Unit", "AuctionSniper.Tests.Unit\AuctionSniper.Tests.Unit.csproj", "{D7D9A379-790F-4091-AC6E-17D236BDA499}"
EndProject
Global
	GlobalSection(SolutionConfigurationPlatforms) = preSolution
		Debug|Any CPU = Debug|Any CPU
		Release|Any CPU = Release|Any CPU
	EndGlobalSection
	GlobalSection(ProjectConfigurationPlatforms) = postSolution
		{653ED958-6067-47D3-803E-533952765E0B}.Debug|Any CPU.ActiveCfg = Debug|Any CPU
		{653ED958-6067-47D3-803E-533952765E0B}.Debug|Any CPU.Build.0 = Debug|Any CPU
		{653ED958-6067-47D3-803E-533952765E0B}.Release|Any CPU.ActiveCfg = Release|Any CPU
		{653ED958-6067-47D3-803E-533952765E0B}.Release|Any CPU.Build.0 = Release|Any CPU
		{5AD817F2-621E-4D5E-9ECF-9C0B0EBB682C}.Debug|Any CPU.ActiveCfg = Debug|Any CPU
		{5AD817F2-621E-4D5E-9ECF-9C0B0EBB682C}.Debug|Any CPU.Build.0 = Debug|Any CPU
		{5AD817F2-621E-4D5E-9ECF-9C0B0EBB682C}.Release|Any CPU.ActiveCfg = Release|Any CPU
		{5AD817F2-621E-4D5E-9ECF-9C0B0EBB682C}.Release|Any CPU.Build.0 = Release|Any CPU
		{EE45DB34-6F3C-4962-9EC3-20C2EAFDFD72}.Debug|Any CPU.ActiveCfg = Debug|Any CPU
		{EE45DB34-6F3C-4962-9EC3-20C2EAFDFD72}.Debug|Any CPU.Build.0 = Debug|Any CPU
		{EE45DB34-6F3C-4962-9EC3-20C2EAFDFD72}.Release|Any CPU.ActiveCfg = Release|Any CPU
		{EE45DB34-6F3C-4962-9EC3-20C2EAFDFD72}.Release|Any CPU.Build.0 = Release|Any CPU
		{3272B1FB-21A4-4FD3-B29A-CAE72217D903}.Debug|Any CPU.ActiveCfg = Debug|Any CPU
		{3272B1FB-21A4-4FD3-B29A-CAE72217D903}.Debug|Any CPU.Build.0 = Debug|Any CPU
		{3272B1FB-21A4-4FD3-B29A-CAE72217D903}.Release|Any CPU.ActiveCfg = Release|Any CPU
		{3272B1FB-21A4-4FD3-B29A-CAE72217D903}.Release|Any CPU.Build.0 = Release|Any CPU
		{D7D9A379-790F-4091-AC6E-17D236BDA499}.Debug|Any CPU.ActiveCfg = Debug|Any CPU
		{D7D9A379-790F-4091-AC6E-17D236BDA499}.Debug|Any CPU.Build.0 = Debug|Any CPU
		{D7D9A379-790F-4091-AC6E-17D236BDA499}.Release|Any CPU.ActiveCfg = Release|Any CPU
		{D7D9A379-790F-4091-AC6E-17D236BDA499}.Release|Any CPU.Build.0 = Release|Any CPU
	EndGlobalSection
	GlobalSection(SolutionProperties) = preSolution
		HideSolutionNode = FALSE
	EndGlobalSection
	GlobalSection(NestedProjects) = preSolution
		{653ED958-6067-47D3-803E-533952765E0B} = {EFEC7FCD-BCEF-4D76-913E-161BED47DB43}
		{5AD817F2-621E-4D5E-9ECF-9C0B0EBB682C} = {4872006F-7652-494D-8E6B-14CE908B466D}
		{EE45DB34-6F3C-4962-9EC3-20C2EAFDFD72} = {EFEC7FCD-BCEF-4D76-913E-161BED47DB43}
		{3272B1FB-21A4-4FD3-B29A-CAE72217D903} = {EFEC7FCD-BCEF-4D76-913E-161BED47DB43}
		{D7D9A379-790F-4091-AC6E-17D236BDA499} = {4872006F-7652-494D-8E6B-14CE908B466D}
	EndGlobalSection
	GlobalSection(ExtensibilityGlobals) = postSolution
		SolutionGuid = {3D57FFD3-9B61-4B0B-AEF5-7BFFAA4B583A}
	EndGlobalSection
EndGlobal
